Microsoft Visual Studio Solution File, Format Version 12.00
# Visual Studio Version 17
VisualStudioVersion = 17.5.2.0
MinimumVisualStudioVersion = 10.0.40219.1
Project("{2150E333-8FDC-42A3-9474-1A3956D46DE8}") = "local-development", "local-development", "{BFA5D579-F928-467C-D021-2068794AA200}"
EndProject
Project("{FAE04EC0-301F-11D3-BF4B-00C04F79EFBC}") = "PersonalManagerAPI", "local-development\PersonalManagerBackend\PersonalManagerAPI.csproj", "{CE761692-5302-E721-190E-9C096CA1ED98}"
EndProject
Project("{2150E333-8FDC-42A3-9474-1A3956D46DE8}") = "PersonalManagerBackend", "PersonalManagerBackend", "{A34A1230-961D-CEE2-69B2-B103E019DCF5}"
EndProject
Project("{FAE04EC0-301F-11D3-BF4B-00C04F79EFBC}") = "PersonalManagerAPI.Tests", "local-development\PersonalManagerBackend\PersonalManagerAPI.Tests\PersonalManagerAPI.Tests.csproj", "{5D2C841A-EEAB-A024-1B50-92DC7AA8B43E}"
EndProject
Global
	GlobalSection(SolutionConfigurationPlatforms) = preSolution
		Debug|Any CPU = Debug|Any CPU
		Release|Any CPU = Release|Any CPU
	EndGlobalSection
	GlobalSection(ProjectConfigurationPlatforms) = postSolution
		{CE761692-5302-E721-190E-9C096CA1ED98}.Debug|Any CPU.ActiveCfg = Debug|Any CPU
		{CE761692-5302-E721-190E-9C096CA1ED98}.Debug|Any CPU.Build.0 = Debug|Any CPU
		{CE761692-5302-E721-190E-9C096CA1ED98}.Release|Any CPU.ActiveCfg = Release|Any CPU
		{CE761692-5302-E721-190E-9C096CA1ED98}.Release|Any CPU.Build.0 = Release|Any CPU
		{5D2C841A-EEAB-A024-1B50-92DC7AA8B43E}.Debug|Any CPU.ActiveCfg = Debug|Any CPU
		{5D2C841A-EEAB-A024-1B50-92DC7AA8B43E}.Debug|Any CPU.Build.0 = Debug|Any CPU
		{5D2C841A-EEAB-A024-1B50-92DC7AA8B43E}.Release|Any CPU.ActiveCfg = Release|Any CPU
		{5D2C841A-EEAB-A024-1B50-92DC7AA8B43E}.Release|Any CPU.Build.0 = Release|Any CPU
	EndGlobalSection
	GlobalSection(SolutionProperties) = preSolution
		HideSolutionNode = FALSE
	EndGlobalSection
	GlobalSection(NestedProjects) = preSolution
		{CE761692-5302-E721-190E-9C096CA1ED98} = {BFA5D579-F928-467C-D021-2068794AA200}
		{A34A1230-961D-CEE2-69B2-B103E019DCF5} = {BFA5D579-F928-467C-D021-2068794AA200}
		{5D2C841A-EEAB-A024-1B50-92DC7AA8B43E} = {A34A1230-961D-CEE2-69B2-B103E019DCF5}
	EndGlobalSection
	GlobalSection(ExtensibilityGlobals) = postSolution
		SolutionGuid = {65FF4F26-17A3-4908-9302-FDCCB84C7560}
	EndGlobalSection
EndGlobal
